
Microsoft Visual Studio Solution File, Format Version 12.00
# Visual Studio Version 17
VisualStudioVersion = 17.0.31903.59
MinimumVisualStudioVersion = 10.0.40219.1
Project("{2150E333-8FDC-42A3-9474-1A3956D46DE8}") = "modelderivative", "modelderivative", "{3E6CDD5D-9AEA-4A9C-9085-00D791DD34E4}"
EndProject
Project("{FAE04EC0-301F-11D3-BF4B-00C04F79EFBC}") = "Autodesk.ModelDerivative", "modelderivative\source\Autodesk.ModelDerivative.csproj", "{ED05FF2A-8775-4552-B0FF-C9BCD6CB66D4}"
EndProject
Project("{2150E333-8FDC-42A3-9474-1A3956D46DE8}") = "webhooks", "webhooks", "{50380220-FCC6-401E-B36A-5BD6CFE0D70E}"
EndProject
Project("{FAE04EC0-301F-11D3-BF4B-00C04F79EFBC}") = "Autodesk.Webhooks", "webhooks\source\Autodesk.Webhooks.csproj", "{5F54DA01-35E8-460D-9E11-5BD8A595E0AA}"
EndProject
Project("{2150E333-8FDC-42A3-9474-1A3956D46DE8}") = "datamanagement", "datamanagement", "{46B7D388-D640-40F4-AB18-5CE712DD5A36}"
EndProject
Project("{FAE04EC0-301F-11D3-BF4B-00C04F79EFBC}") = "Autodesk.DataManagement", "datamanagement\source\Autodesk.DataManagement.csproj", "{EDD91D74-7221-4859-8EFD-2DC2E3549B55}"
EndProject
Project("{2150E333-8FDC-42A3-9474-1A3956D46DE8}") = "oss", "oss", "{1ADC317D-E69E-48A8-999D-CB00EB1EBD88}"
EndProject
Project("{FAE04EC0-301F-11D3-BF4B-00C04F79EFBC}") = "Autodesk.Oss", "oss\source\Autodesk.Oss.csproj", "{007F105D-E656-4744-82A3-9080099B10DC}"
EndProject
Project("{2150E333-8FDC-42A3-9474-1A3956D46DE8}") = "authentication", "authentication", "{F4C92067-B21E-4309-A426-C7CEC0BD6213}"
EndProject
Project("{FAE04EC0-301F-11D3-BF4B-00C04F79EFBC}") = "Autodesk.Authentication", "authentication\source\Autodesk.Authentication.csproj", "{6FD0F8C7-0547-4ED7-93A2-525B4A3411A9}"
EndProject
Project("{2150E333-8FDC-42A3-9474-1A3956D46DE8}") = "issues", "issues", "{0CDF551D-4B04-4860-BB8F-F3A77BC899ED}"
EndProject
Project("{FAE04EC0-301F-11D3-BF4B-00C04F79EFBC}") = "Autodesk.Construction.Issues", "construction\issues\source\Autodesk.Construction.Issues.csproj", "{8C6376C9-61E6-4836-831E-8B3E8FDAE65F}"
EndProject
Project("{2150E333-8FDC-42A3-9474-1A3956D46DE8}") = "construction", "construction", "{A291A1E6-780A-4EDD-A053-BD03218434FD}"
EndProject
Project("{2150E333-8FDC-42A3-9474-1A3956D46DE8}") = "accountadmin", "accountadmin", "{2E7E4313-B859-4A56-9B52-A4A170C255B9}"
EndProject
Project("{FAE04EC0-301F-11D3-BF4B-00C04F79EFBC}") = "Autodesk.Construction.AccountAdmin", "construction\accountadmin\source\Autodesk.Construction.AccountAdmin.csproj", "{5929BCE7-665A-472C-8498-A368E6675645}"
EndProject
Project("{FAE04EC0-301F-11D3-BF4B-00C04F79EFBC}") = "Autodesk.Sdk.Manager", "sdkmanager\Autodesk.Sdk.Manager.csproj", "{38D360E7-663C-4A84-ADAF-D795FBF2426B}"
EndProject
Project("{2150E333-8FDC-42A3-9474-1A3956D46DE8}") = "Solution Items", "Solution Items", "{8EC462FD-D22E-90A8-E5CE-7E832BA40C5D}"
	ProjectSection(SolutionItems) = preProject
		.editorconfig = .editorconfig
		.gitignore = .gitignore
		CHANGELOG.md = CHANGELOG.md
		CONTRIBUTING.md = CONTRIBUTING.md
		Directory.Build.props = Directory.Build.props
		Directory.Packages.props = Directory.Packages.props
		LICENSE.txt = LICENSE.txt
		nuget.config = nuget.config
		README.md = README.md
	EndProjectSection
EndProject
Project("{2150E333-8FDC-42A3-9474-1A3956D46DE8}") = "images", "images", "{AD6C2F0E-BC09-4B80-8D3A-A3CCE98BC688}"
	ProjectSection(SolutionItems) = preProject
		images\autodesk-icon.png = images\autodesk-icon.png
	EndProjectSection
EndProject
Project("{2150E333-8FDC-42A3-9474-1A3956D46DE8}") = "secureserviceaccount", "secureserviceaccount", "{368F9A05-3F75-8AF7-E0FF-182EFC616089}"
EndProject
Project("{2150E333-8FDC-42A3-9474-1A3956D46DE8}") = "source", "source", "{DBEC65E8-0A7D-439A-FCF8-4890ABFE6943}"
EndProject
Project("{FAE04EC0-301F-11D3-BF4B-00C04F79EFBC}") = "Autodesk.SecureServiceAccount", "secureserviceaccount\source\Autodesk.SecureServiceAccount.csproj", "{2AABFC32-8DBB-49DF-8F8B-3AA7193C1D96}"
EndProject
Project("{2150E333-8FDC-42A3-9474-1A3956D46DE8}") = "test", "test", "{0C88DD14-F956-CE84-757C-A364CCF449FC}"
EndProject
Project("{FAE04EC0-301F-11D3-BF4B-00C04F79EFBC}") = "Autodesk.Aps.TestCommon", "test\Autodesk.Aps.TestCommon\Autodesk.Aps.TestCommon.csproj", "{0C90F1F2-605B-4A0B-B33D-9077FBD6DB5D}"
EndProject
Project("{2150E333-8FDC-42A3-9474-1A3956D46DE8}") = "test", "test", "{6A5ECFE5-6392-767C-2AB7-2FDD41C27FB9}"
EndProject
Project("{FAE04EC0-301F-11D3-BF4B-00C04F79EFBC}") = "Autodesk.Authentication.Test", "authentication\test\Autodesk.Authentication.Test.csproj", "{B9CBB44F-1D0F-45FF-AA7F-2026A5F1EF00}"
EndProject
Project("{2150E333-8FDC-42A3-9474-1A3956D46DE8}") = "source", "source", "{72F47657-5E18-47AA-1942-8FF6A8B4D5BF}"
EndProject
Project("{2150E333-8FDC-42A3-9474-1A3956D46DE8}") = "test", "test", "{AB3949B5-9912-1A16-5B9C-30711269C5AF}"
EndProject
Project("{FAE04EC0-301F-11D3-BF4B-00C04F79EFBC}") = "Autodesk.Construction.AccountAdmin.Test", "construction\accountadmin\test\Autodesk.Construction.AccountAdmin.Test.csproj", "{5222FF88-DEA4-4C32-9247-5D03F8AB2EF3}"
EndProject
Project("{2150E333-8FDC-42A3-9474-1A3956D46DE8}") = "source", "source", "{5502AEE9-8E5D-170A-A2F1-E7C451499390}"
EndProject
Project("{2150E333-8FDC-42A3-9474-1A3956D46DE8}") = "test", "test", "{7636BA41-8CA8-8204-9415-9E5A4BD61D23}"
EndProject
Project("{FAE04EC0-301F-11D3-BF4B-00C04F79EFBC}") = "Autodesk.Construction.Issues.Test", "construction\issues\test\Autodesk.Construction.Issues.Test.csproj", "{C3B562BD-A814-47FA-99AA-B0E944CD680F}"
EndProject
Project("{2150E333-8FDC-42A3-9474-1A3956D46DE8}") = "source", "source", "{E8B8AF79-5498-034D-2440-2189AC6E1D3F}"
EndProject
Project("{2150E333-8FDC-42A3-9474-1A3956D46DE8}") = "test", "test", "{A8989148-5755-C8FC-51A5-54619D40272F}"
EndProject
Project("{FAE04EC0-301F-11D3-BF4B-00C04F79EFBC}") = "Autodesk.DataManagement.Test", "datamanagement\test\Autodesk.DataManagement.Test.csproj", "{E709E49F-BD9D-40AA-9430-A60E34700418}"
EndProject
Project("{2150E333-8FDC-42A3-9474-1A3956D46DE8}") = "source", "source", "{CE17019A-73BB-C6F5-8CF3-23194D9D5CE6}"
EndProject
Project("{2150E333-8FDC-42A3-9474-1A3956D46DE8}") = "test", "test", "{EBB31A16-8F8D-0BA2-DA09-A6E381C310CD}"
EndProject
Project("{FAE04EC0-301F-11D3-BF4B-00C04F79EFBC}") = "Autodesk.ModelDerivative.Test", "modelderivative\test\Autodesk.ModelDerivative.Test.csproj", "{9F67AC81-0B83-4332-9BBC-42F028D35933}"
EndProject
Project("{2150E333-8FDC-42A3-9474-1A3956D46DE8}") = "source", "source", "{8AF21561-5B3A-A769-1118-1E7564947E0D}"
EndProject
Project("{2150E333-8FDC-42A3-9474-1A3956D46DE8}") = "test", "test", "{562A6CA4-9152-1D65-D040-33ABF2CDEE14}"
EndProject
Project("{FAE04EC0-301F-11D3-BF4B-00C04F79EFBC}") = "Autodesk.Oss.Test", "oss\test\Autodesk.Oss.Test.csproj", "{5974E742-CF75-4198-B691-A0DC74152AA4}"
EndProject
Project("{2150E333-8FDC-42A3-9474-1A3956D46DE8}") = "source", "source", "{D6D87B3A-6BCB-91C7-17DB-B4E510CCC717}"
EndProject
Project("{2150E333-8FDC-42A3-9474-1A3956D46DE8}") = "test", "test", "{ADAD7025-402D-1B45-DEB4-01E8F90A0A72}"
EndProject
Project("{FAE04EC0-301F-11D3-BF4B-00C04F79EFBC}") = "Autodesk.SecureServiceAccount.Test", "secureserviceaccount\test\Autodesk.SecureServiceAccount.Test.csproj", "{0D2A530D-77E2-42BF-B22D-AC105E6D64E1}"
EndProject
Project("{2150E333-8FDC-42A3-9474-1A3956D46DE8}") = "test", "test", "{905F4507-4838-51A3-4A0E-AF5412B57E8A}"
EndProject
Project("{FAE04EC0-301F-11D3-BF4B-00C04F79EFBC}") = "Autodesk.Webhooks.Test", "webhooks\test\Autodesk.Webhooks.Test.csproj", "{976A08FE-465E-48F0-B9FC-35DC1A93931E}"
EndProject
Project("{2150E333-8FDC-42A3-9474-1A3956D46DE8}") = "source", "source", "{EF0DFED4-E210-2F49-7CC0-CA1D32241B8F}"
EndProject
Global
	GlobalSection(SolutionConfigurationPlatforms) = preSolution
		Debug|Any CPU = Debug|Any CPU
		Debug|x64 = Debug|x64
		Debug|x86 = Debug|x86
		Release|Any CPU = Release|Any CPU
		Release|x64 = Release|x64
		Release|x86 = Release|x86
	EndGlobalSection
	GlobalSection(ProjectConfigurationPlatforms) = postSolution
		{ED05FF2A-8775-4552-B0FF-C9BCD6CB66D4}.Debug|Any CPU.ActiveCfg = Debug|Any CPU
		{ED05FF2A-8775-4552-B0FF-C9BCD6CB66D4}.Debug|Any CPU.Build.0 = Debug|Any CPU
		{ED05FF2A-8775-4552-B0FF-C9BCD6CB66D4}.Debug|x64.ActiveCfg = Debug|Any CPU
		{ED05FF2A-8775-4552-B0FF-C9BCD6CB66D4}.Debug|x64.Build.0 = Debug|Any CPU
		{ED05FF2A-8775-4552-B0FF-C9BCD6CB66D4}.Debug|x86.ActiveCfg = Debug|Any CPU
		{ED05FF2A-8775-4552-B0FF-C9BCD6CB66D4}.Debug|x86.Build.0 = Debug|Any CPU
		{ED05FF2A-8775-4552-B0FF-C9BCD6CB66D4}.Release|Any CPU.ActiveCfg = Release|Any CPU
		{ED05FF2A-8775-4552-B0FF-C9BCD6CB66D4}.Release|Any CPU.Build.0 = Release|Any CPU
		{ED05FF2A-8775-4552-B0FF-C9BCD6CB66D4}.Release|x64.ActiveCfg = Release|Any CPU
		{ED05FF2A-8775-4552-B0FF-C9BCD6CB66D4}.Release|x64.Build.0 = Release|Any CPU
		{ED05FF2A-8775-4552-B0FF-C9BCD6CB66D4}.Release|x86.ActiveCfg = Release|Any CPU
		{ED05FF2A-8775-4552-B0FF-C9BCD6CB66D4}.Release|x86.Build.0 = Release|Any CPU
		{5F54DA01-35E8-460D-9E11-5BD8A595E0AA}.Debug|Any CPU.ActiveCfg = Debug|Any CPU
		{5F54DA01-35E8-460D-9E11-5BD8A595E0AA}.Debug|Any CPU.Build.0 = Debug|Any CPU
		{5F54DA01-35E8-460D-9E11-5BD8A595E0AA}.Debug|x64.ActiveCfg = Debug|Any CPU
		{5F54DA01-35E8-460D-9E11-5BD8A595E0AA}.Debug|x64.Build.0 = Debug|Any CPU
		{5F54DA01-35E8-460D-9E11-5BD8A595E0AA}.Debug|x86.ActiveCfg = Debug|Any CPU
		{5F54DA01-35E8-460D-9E11-5BD8A595E0AA}.Debug|x86.Build.0 = Debug|Any CPU
		{5F54DA01-35E8-460D-9E11-5BD8A595E0AA}.Release|Any CPU.ActiveCfg = Release|Any CPU
		{5F54DA01-35E8-460D-9E11-5BD8A595E0AA}.Release|Any CPU.Build.0 = Release|Any CPU
		{5F54DA01-35E8-460D-9E11-5BD8A595E0AA}.Release|x64.ActiveCfg = Release|Any CPU
		{5F54DA01-35E8-460D-9E11-5BD8A595E0AA}.Release|x64.Build.0 = Release|Any CPU
		{5F54DA01-35E8-460D-9E11-5BD8A595E0AA}.Release|x86.ActiveCfg = Release|Any CPU
		{5F54DA01-35E8-460D-9E11-5BD8A595E0AA}.Release|x86.Build.0 = Release|Any CPU
		{EDD91D74-7221-4859-8EFD-2DC2E3549B55}.Debug|Any CPU.ActiveCfg = Debug|Any CPU
		{EDD91D74-7221-4859-8EFD-2DC2E3549B55}.Debug|Any CPU.Build.0 = Debug|Any CPU
		{EDD91D74-7221-4859-8EFD-2DC2E3549B55}.Debug|x64.ActiveCfg = Debug|Any CPU
		{EDD91D74-7221-4859-8EFD-2DC2E3549B55}.Debug|x64.Build.0 = Debug|Any CPU
		{EDD91D74-7221-4859-8EFD-2DC2E3549B55}.Debug|x86.ActiveCfg = Debug|Any CPU
		{EDD91D74-7221-4859-8EFD-2DC2E3549B55}.Debug|x86.Build.0 = Debug|Any CPU
		{EDD91D74-7221-4859-8EFD-2DC2E3549B55}.Release|Any CPU.ActiveCfg = Release|Any CPU
		{EDD91D74-7221-4859-8EFD-2DC2E3549B55}.Release|Any CPU.Build.0 = Release|Any CPU
		{EDD91D74-7221-4859-8EFD-2DC2E3549B55}.Release|x64.ActiveCfg = Release|Any CPU
		{EDD91D74-7221-4859-8EFD-2DC2E3549B55}.Release|x64.Build.0 = Release|Any CPU
		{EDD91D74-7221-4859-8EFD-2DC2E3549B55}.Release|x86.ActiveCfg = Release|Any CPU
		{EDD91D74-7221-4859-8EFD-2DC2E3549B55}.Release|x86.Build.0 = Release|Any CPU
		{007F105D-E656-4744-82A3-9080099B10DC}.Debug|Any CPU.ActiveCfg = Debug|Any CPU
		{007F105D-E656-4744-82A3-9080099B10DC}.Debug|Any CPU.Build.0 = Debug|Any CPU
		{007F105D-E656-4744-82A3-9080099B10DC}.Debug|x64.ActiveCfg = Debug|Any CPU
		{007F105D-E656-4744-82A3-9080099B10DC}.Debug|x64.Build.0 = Debug|Any CPU
		{007F105D-E656-4744-82A3-9080099B10DC}.Debug|x86.ActiveCfg = Debug|Any CPU
		{007F105D-E656-4744-82A3-9080099B10DC}.Debug|x86.Build.0 = Debug|Any CPU
		{007F105D-E656-4744-82A3-9080099B10DC}.Release|Any CPU.ActiveCfg = Release|Any CPU
		{007F105D-E656-4744-82A3-9080099B10DC}.Release|Any CPU.Build.0 = Release|Any CPU
		{007F105D-E656-4744-82A3-9080099B10DC}.Release|x64.ActiveCfg = Release|Any CPU
		{007F105D-E656-4744-82A3-9080099B10DC}.Release|x64.Build.0 = Release|Any CPU
		{007F105D-E656-4744-82A3-9080099B10DC}.Release|x86.ActiveCfg = Release|Any CPU
		{007F105D-E656-4744-82A3-9080099B10DC}.Release|x86.Build.0 = Release|Any CPU
		{6FD0F8C7-0547-4ED7-93A2-525B4A3411A9}.Debug|Any CPU.ActiveCfg = Debug|Any CPU
		{6FD0F8C7-0547-4ED7-93A2-525B4A3411A9}.Debug|Any CPU.Build.0 = Debug|Any CPU
		{6FD0F8C7-0547-4ED7-93A2-525B4A3411A9}.Debug|x64.ActiveCfg = Debug|Any CPU
		{6FD0F8C7-0547-4ED7-93A2-525B4A3411A9}.Debug|x64.Build.0 = Debug|Any CPU
		{6FD0F8C7-0547-4ED7-93A2-525B4A3411A9}.Debug|x86.ActiveCfg = Debug|Any CPU
		{6FD0F8C7-0547-4ED7-93A2-525B4A3411A9}.Debug|x86.Build.0 = Debug|Any CPU
		{6FD0F8C7-0547-4ED7-93A2-525B4A3411A9}.Release|Any CPU.ActiveCfg = Release|Any CPU
		{6FD0F8C7-0547-4ED7-93A2-525B4A3411A9}.Release|Any CPU.Build.0 = Release|Any CPU
		{6FD0F8C7-0547-4ED7-93A2-525B4A3411A9}.Release|x64.ActiveCfg = Release|Any CPU
		{6FD0F8C7-0547-4ED7-93A2-525B4A3411A9}.Release|x64.Build.0 = Release|Any CPU
		{6FD0F8C7-0547-4ED7-93A2-525B4A3411A9}.Release|x86.ActiveCfg = Release|Any CPU
		{6FD0F8C7-0547-4ED7-93A2-525B4A3411A9}.Release|x86.Build.0 = Release|Any CPU
		{8C6376C9-61E6-4836-831E-8B3E8FDAE65F}.Debug|Any CPU.ActiveCfg = Debug|Any CPU
		{8C6376C9-61E6-4836-831E-8B3E8FDAE65F}.Debug|Any CPU.Build.0 = Debug|Any CPU
		{8C6376C9-61E6-4836-831E-8B3E8FDAE65F}.Debug|x64.ActiveCfg = Debug|Any CPU
		{8C6376C9-61E6-4836-831E-8B3E8FDAE65F}.Debug|x64.Build.0 = Debug|Any CPU
		{8C6376C9-61E6-4836-831E-8B3E8FDAE65F}.Debug|x86.ActiveCfg = Debug|Any CPU
		{8C6376C9-61E6-4836-831E-8B3E8FDAE65F}.Debug|x86.Build.0 = Debug|Any CPU
		{8C6376C9-61E6-4836-831E-8B3E8FDAE65F}.Release|Any CPU.ActiveCfg = Release|Any CPU
		{8C6376C9-61E6-4836-831E-8B3E8FDAE65F}.Release|Any CPU.Build.0 = Release|Any CPU
		{8C6376C9-61E6-4836-831E-8B3E8FDAE65F}.Release|x64.ActiveCfg = Release|Any CPU
		{8C6376C9-61E6-4836-831E-8B3E8FDAE65F}.Release|x64.Build.0 = Release|Any CPU
		{8C6376C9-61E6-4836-831E-8B3E8FDAE65F}.Release|x86.ActiveCfg = Release|Any CPU
		{8C6376C9-61E6-4836-831E-8B3E8FDAE65F}.Release|x86.Build.0 = Release|Any CPU
		{5929BCE7-665A-472C-8498-A368E6675645}.Debug|Any CPU.ActiveCfg = Debug|Any CPU
		{5929BCE7-665A-472C-8498-A368E6675645}.Debug|Any CPU.Build.0 = Debug|Any CPU
		{5929BCE7-665A-472C-8498-A368E6675645}.Debug|x64.ActiveCfg = Debug|Any CPU
		{5929BCE7-665A-472C-8498-A368E6675645}.Debug|x64.Build.0 = Debug|Any CPU
		{5929BCE7-665A-472C-8498-A368E6675645}.Debug|x86.ActiveCfg = Debug|Any CPU
		{5929BCE7-665A-472C-8498-A368E6675645}.Debug|x86.Build.0 = Debug|Any CPU
		{5929BCE7-665A-472C-8498-A368E6675645}.Release|Any CPU.ActiveCfg = Release|Any CPU
		{5929BCE7-665A-472C-8498-A368E6675645}.Release|Any CPU.Build.0 = Release|Any CPU
		{5929BCE7-665A-472C-8498-A368E6675645}.Release|x64.ActiveCfg = Release|Any CPU
		{5929BCE7-665A-472C-8498-A368E6675645}.Release|x64.Build.0 = Release|Any CPU
		{5929BCE7-665A-472C-8498-A368E6675645}.Release|x86.ActiveCfg = Release|Any CPU
		{5929BCE7-665A-472C-8498-A368E6675645}.Release|x86.Build.0 = Release|Any CPU
		{38D360E7-663C-4A84-ADAF-D795FBF2426B}.Debug|Any CPU.ActiveCfg = Debug|Any CPU
		{38D360E7-663C-4A84-ADAF-D795FBF2426B}.Debug|Any CPU.Build.0 = Debug|Any CPU
		{38D360E7-663C-4A84-ADAF-D795FBF2426B}.Debug|x64.ActiveCfg = Debug|Any CPU
		{38D360E7-663C-4A84-ADAF-D795FBF2426B}.Debug|x64.Build.0 = Debug|Any CPU
		{38D360E7-663C-4A84-ADAF-D795FBF2426B}.Debug|x86.ActiveCfg = Debug|Any CPU
		{38D360E7-663C-4A84-ADAF-D795FBF2426B}.Debug|x86.Build.0 = Debug|Any CPU
		{38D360E7-663C-4A84-ADAF-D795FBF2426B}.Release|Any CPU.ActiveCfg = Release|Any CPU
		{38D360E7-663C-4A84-ADAF-D795FBF2426B}.Release|Any CPU.Build.0 = Release|Any CPU
		{38D360E7-663C-4A84-ADAF-D795FBF2426B}.Release|x64.ActiveCfg = Release|Any CPU
		{38D360E7-663C-4A84-ADAF-D795FBF2426B}.Release|x64.Build.0 = Release|Any CPU
		{38D360E7-663C-4A84-ADAF-D795FBF2426B}.Release|x86.ActiveCfg = Release|Any CPU
		{38D360E7-663C-4A84-ADAF-D795FBF2426B}.Release|x86.Build.0 = Release|Any CPU
		{2AABFC32-8DBB-49DF-8F8B-3AA7193C1D96}.Debug|Any CPU.ActiveCfg = Debug|Any CPU
		{2AABFC32-8DBB-49DF-8F8B-3AA7193C1D96}.Debug|Any CPU.Build.0 = Debug|Any CPU
		{2AABFC32-8DBB-49DF-8F8B-3AA7193C1D96}.Debug|x64.ActiveCfg = Debug|Any CPU
		{2AABFC32-8DBB-49DF-8F8B-3AA7193C1D96}.Debug|x64.Build.0 = Debug|Any CPU
		{2AABFC32-8DBB-49DF-8F8B-3AA7193C1D96}.Debug|x86.ActiveCfg = Debug|Any CPU
		{2AABFC32-8DBB-49DF-8F8B-3AA7193C1D96}.Debug|x86.Build.0 = Debug|Any CPU
		{2AABFC32-8DBB-49DF-8F8B-3AA7193C1D96}.Release|Any CPU.ActiveCfg = Release|Any CPU
		{2AABFC32-8DBB-49DF-8F8B-3AA7193C1D96}.Release|Any CPU.Build.0 = Release|Any CPU
		{2AABFC32-8DBB-49DF-8F8B-3AA7193C1D96}.Release|x64.ActiveCfg = Release|Any CPU
		{2AABFC32-8DBB-49DF-8F8B-3AA7193C1D96}.Release|x64.Build.0 = Release|Any CPU
		{2AABFC32-8DBB-49DF-8F8B-3AA7193C1D96}.Release|x86.ActiveCfg = Release|Any CPU
		{2AABFC32-8DBB-49DF-8F8B-3AA7193C1D96}.Release|x86.Build.0 = Release|Any CPU
		{0C90F1F2-605B-4A0B-B33D-9077FBD6DB5D}.Debug|Any CPU.ActiveCfg = Debug|Any CPU
		{0C90F1F2-605B-4A0B-B33D-9077FBD6DB5D}.Debug|Any CPU.Build.0 = Debug|Any CPU
		{0C90F1F2-605B-4A0B-B33D-9077FBD6DB5D}.Debug|x64.ActiveCfg = Debug|Any CPU
		{0C90F1F2-605B-4A0B-B33D-9077FBD6DB5D}.Debug|x64.Build.0 = Debug|Any CPU
		{0C90F1F2-605B-4A0B-B33D-9077FBD6DB5D}.Debug|x86.ActiveCfg = Debug|Any CPU
		{0C90F1F2-605B-4A0B-B33D-9077FBD6DB5D}.Debug|x86.Build.0 = Debug|Any CPU
		{0C90F1F2-605B-4A0B-B33D-9077FBD6DB5D}.Release|Any CPU.ActiveCfg = Release|Any CPU
		{0C90F1F2-605B-4A0B-B33D-9077FBD6DB5D}.Release|Any CPU.Build.0 = Release|Any CPU
		{0C90F1F2-605B-4A0B-B33D-9077FBD6DB5D}.Release|x64.ActiveCfg = Release|Any CPU
		{0C90F1F2-605B-4A0B-B33D-9077FBD6DB5D}.Release|x64.Build.0 = Release|Any CPU
		{0C90F1F2-605B-4A0B-B33D-9077FBD6DB5D}.Release|x86.ActiveCfg = Release|Any CPU
		{0C90F1F2-605B-4A0B-B33D-9077FBD6DB5D}.Release|x86.Build.0 = Release|Any CPU
		{B9CBB44F-1D0F-45FF-AA7F-2026A5F1EF00}.Debug|Any CPU.ActiveCfg = Debug|Any CPU
		{B9CBB44F-1D0F-45FF-AA7F-2026A5F1EF00}.Debug|Any CPU.Build.0 = Debug|Any CPU
		{B9CBB44F-1D0F-45FF-AA7F-2026A5F1EF00}.Debug|x64.ActiveCfg = Debug|Any CPU
		{B9CBB44F-1D0F-45FF-AA7F-2026A5F1EF00}.Debug|x64.Build.0 = Debug|Any CPU
		{B9CBB44F-1D0F-45FF-AA7F-2026A5F1EF00}.Debug|x86.ActiveCfg = Debug|Any CPU
		{B9CBB44F-1D0F-45FF-AA7F-2026A5F1EF00}.Debug|x86.Build.0 = Debug|Any CPU
		{B9CBB44F-1D0F-45FF-AA7F-2026A5F1EF00}.Release|Any CPU.ActiveCfg = Release|Any CPU
		{B9CBB44F-1D0F-45FF-AA7F-2026A5F1EF00}.Release|Any CPU.Build.0 = Release|Any CPU
		{B9CBB44F-1D0F-45FF-AA7F-2026A5F1EF00}.Release|x64.ActiveCfg = Release|Any CPU
		{B9CBB44F-1D0F-45FF-AA7F-2026A5F1EF00}.Release|x64.Build.0 = Release|Any CPU
		{B9CBB44F-1D0F-45FF-AA7F-2026A5F1EF00}.Release|x86.ActiveCfg = Release|Any CPU
		{B9CBB44F-1D0F-45FF-AA7F-2026A5F1EF00}.Release|x86.Build.0 = Release|Any CPU
		{5222FF88-DEA4-4C32-9247-5D03F8AB2EF3}.Debug|Any CPU.ActiveCfg = Debug|Any CPU
		{5222FF88-DEA4-4C32-9247-5D03F8AB2EF3}.Debug|Any CPU.Build.0 = Debug|Any CPU
		{5222FF88-DEA4-4C32-9247-5D03F8AB2EF3}.Debug|x64.ActiveCfg = Debug|Any CPU
		{5222FF88-DEA4-4C32-9247-5D03F8AB2EF3}.Debug|x64.Build.0 = Debug|Any CPU
		{5222FF88-DEA4-4C32-9247-5D03F8AB2EF3}.Debug|x86.ActiveCfg = Debug|Any CPU
		{5222FF88-DEA4-4C32-9247-5D03F8AB2EF3}.Debug|x86.Build.0 = Debug|Any CPU
		{5222FF88-DEA4-4C32-9247-5D03F8AB2EF3}.Release|Any CPU.ActiveCfg = Release|Any CPU
		{5222FF88-DEA4-4C32-9247-5D03F8AB2EF3}.Release|Any CPU.Build.0 = Release|Any CPU
		{5222FF88-DEA4-4C32-9247-5D03F8AB2EF3}.Release|x64.ActiveCfg = Release|Any CPU
		{5222FF88-DEA4-4C32-9247-5D03F8AB2EF3}.Release|x64.Build.0 = Release|Any CPU
		{5222FF88-DEA4-4C32-9247-5D03F8AB2EF3}.Release|x86.ActiveCfg = Release|Any CPU
		{5222FF88-DEA4-4C32-9247-5D03F8AB2EF3}.Release|x86.Build.0 = Release|Any CPU
		{C3B562BD-A814-47FA-99AA-B0E944CD680F}.Debug|Any CPU.ActiveCfg = Debug|Any CPU
		{C3B562BD-A814-47FA-99AA-B0E944CD680F}.Debug|Any CPU.Build.0 = Debug|Any CPU
		{C3B562BD-A814-47FA-99AA-B0E944CD680F}.Debug|x64.ActiveCfg = Debug|Any CPU
		{C3B562BD-A814-47FA-99AA-B0E944CD680F}.Debug|x64.Build.0 = Debug|Any CPU
		{C3B562BD-A814-47FA-99AA-B0E944CD680F}.Debug|x86.ActiveCfg = Debug|Any CPU
		{C3B562BD-A814-47FA-99AA-B0E944CD680F}.Debug|x86.Build.0 = Debug|Any CPU
		{C3B562BD-A814-47FA-99AA-B0E944CD680F}.Release|Any CPU.ActiveCfg = Release|Any CPU
		{C3B562BD-A814-47FA-99AA-B0E944CD680F}.Release|Any CPU.Build.0 = Release|Any CPU
		{C3B562BD-A814-47FA-99AA-B0E944CD680F}.Release|x64.ActiveCfg = Release|Any CPU
		{C3B562BD-A814-47FA-99AA-B0E944CD680F}.Release|x64.Build.0 = Release|Any CPU
		{C3B562BD-A814-47FA-99AA-B0E944CD680F}.Release|x86.ActiveCfg = Release|Any CPU
		{C3B562BD-A814-47FA-99AA-B0E944CD680F}.Release|x86.Build.0 = Release|Any CPU
		{E709E49F-BD9D-40AA-9430-A60E34700418}.Debug|Any CPU.ActiveCfg = Debug|Any CPU
		{E709E49F-BD9D-40AA-9430-A60E34700418}.Debug|Any CPU.Build.0 = Debug|Any CPU
		{E709E49F-BD9D-40AA-9430-A60E34700418}.Debug|x64.ActiveCfg = Debug|Any CPU
		{E709E49F-BD9D-40AA-9430-A60E34700418}.Debug|x64.Build.0 = Debug|Any CPU
		{E709E49F-BD9D-40AA-9430-A60E34700418}.Debug|x86.ActiveCfg = Debug|Any CPU
		{E709E49F-BD9D-40AA-9430-A60E34700418}.Debug|x86.Build.0 = Debug|Any CPU
		{E709E49F-BD9D-40AA-9430-A60E34700418}.Release|Any CPU.ActiveCfg = Release|Any CPU
		{E709E49F-BD9D-40AA-9430-A60E34700418}.Release|Any CPU.Build.0 = Release|Any CPU
		{E709E49F-BD9D-40AA-9430-A60E34700418}.Release|x64.ActiveCfg = Release|Any CPU
		{E709E49F-BD9D-40AA-9430-A60E34700418}.Release|x64.Build.0 = Release|Any CPU
		{E709E49F-BD9D-40AA-9430-A60E34700418}.Release|x86.ActiveCfg = Release|Any CPU
		{E709E49F-BD9D-40AA-9430-A60E34700418}.Release|x86.Build.0 = Release|Any CPU
		{9F67AC81-0B83-4332-9BBC-42F028D35933}.Debug|Any CPU.ActiveCfg = Debug|Any CPU
		{9F67AC81-0B83-4332-9BBC-42F028D35933}.Debug|Any CPU.Build.0 = Debug|Any CPU
		{9F67AC81-0B83-4332-9BBC-42F028D35933}.Debug|x64.ActiveCfg = Debug|Any CPU
		{9F67AC81-0B83-4332-9BBC-42F028D35933}.Debug|x64.Build.0 = Debug|Any CPU
		{9F67AC81-0B83-4332-9BBC-42F028D35933}.Debug|x86.ActiveCfg = Debug|Any CPU
		{9F67AC81-0B83-4332-9BBC-42F028D35933}.Debug|x86.Build.0 = Debug|Any CPU
		{9F67AC81-0B83-4332-9BBC-42F028D35933}.Release|Any CPU.ActiveCfg = Release|Any CPU
		{9F67AC81-0B83-4332-9BBC-42F028D35933}.Release|Any CPU.Build.0 = Release|Any CPU
		{9F67AC81-0B83-4332-9BBC-42F028D35933}.Release|x64.ActiveCfg = Release|Any CPU
		{9F67AC81-0B83-4332-9BBC-42F028D35933}.Release|x64.Build.0 = Release|Any CPU
		{9F67AC81-0B83-4332-9BBC-42F028D35933}.Release|x86.ActiveCfg = Release|Any CPU
		{9F67AC81-0B83-4332-9BBC-42F028D35933}.Release|x86.Build.0 = Release|Any CPU
		{5974E742-CF75-4198-B691-A0DC74152AA4}.Debug|Any CPU.ActiveCfg = Debug|Any CPU
		{5974E742-CF75-4198-B691-A0DC74152AA4}.Debug|Any CPU.Build.0 = Debug|Any CPU
		{5974E742-CF75-4198-B691-A0DC74152AA4}.Debug|x64.ActiveCfg = Debug|Any CPU
		{5974E742-CF75-4198-B691-A0DC74152AA4}.Debug|x64.Build.0 = Debug|Any CPU
		{5974E742-CF75-4198-B691-A0DC74152AA4}.Debug|x86.ActiveCfg = Debug|Any CPU
		{5974E742-CF75-4198-B691-A0DC74152AA4}.Debug|x86.Build.0 = Debug|Any CPU
		{5974E742-CF75-4198-B691-A0DC74152AA4}.Release|Any CPU.ActiveCfg = Release|Any CPU
		{5974E742-CF75-4198-B691-A0DC74152AA4}.Release|Any CPU.Build.0 = Release|Any CPU
		{5974E742-CF75-4198-B691-A0DC74152AA4}.Release|x64.ActiveCfg = Release|Any CPU
		{5974E742-CF75-4198-B691-A0DC74152AA4}.Release|x64.Build.0 = Release|Any CPU
		{5974E742-CF75-4198-B691-A0DC74152AA4}.Release|x86.ActiveCfg = Release|Any CPU
		{5974E742-CF75-4198-B691-A0DC74152AA4}.Release|x86.Build.0 = Release|Any CPU
		{0D2A530D-77E2-42BF-B22D-AC105E6D64E1}.Debug|Any CPU.ActiveCfg = Debug|Any CPU
		{0D2A530D-77E2-42BF-B22D-AC105E6D64E1}.Debug|Any CPU.Build.0 = Debug|Any CPU
		{0D2A530D-77E2-42BF-B22D-AC105E6D64E1}.Debug|x64.ActiveCfg = Debug|Any CPU
		{0D2A530D-77E2-42BF-B22D-AC105E6D64E1}.Debug|x64.Build.0 = Debug|Any CPU
		{0D2A530D-77E2-42BF-B22D-AC105E6D64E1}.Debug|x86.ActiveCfg = Debug|Any CPU
		{0D2A530D-77E2-42BF-B22D-AC105E6D64E1}.Debug|x86.Build.0 = Debug|Any CPU
		{0D2A530D-77E2-42BF-B22D-AC105E6D64E1}.Release|Any CPU.ActiveCfg = Release|Any CPU
		{0D2A530D-77E2-42BF-B22D-AC105E6D64E1}.Release|Any CPU.Build.0 = Release|Any CPU
		{0D2A530D-77E2-42BF-B22D-AC105E6D64E1}.Release|x64.ActiveCfg = Release|Any CPU
		{0D2A530D-77E2-42BF-B22D-AC105E6D64E1}.Release|x64.Build.0 = Release|Any CPU
		{0D2A530D-77E2-42BF-B22D-AC105E6D64E1}.Release|x86.ActiveCfg = Release|Any CPU
		{0D2A530D-77E2-42BF-B22D-AC105E6D64E1}.Release|x86.Build.0 = Release|Any CPU
		{976A08FE-465E-48F0-B9FC-35DC1A93931E}.Debug|Any CPU.ActiveCfg = Debug|Any CPU
		{976A08FE-465E-48F0-B9FC-35DC1A93931E}.Debug|Any CPU.Build.0 = Debug|Any CPU
		{976A08FE-465E-48F0-B9FC-35DC1A93931E}.Debug|x64.ActiveCfg = Debug|Any CPU
		{976A08FE-465E-48F0-B9FC-35DC1A93931E}.Debug|x64.Build.0 = Debug|Any CPU
		{976A08FE-465E-48F0-B9FC-35DC1A93931E}.Debug|x86.ActiveCfg = Debug|Any CPU
		{976A08FE-465E-48F0-B9FC-35DC1A93931E}.Debug|x86.Build.0 = Debug|Any CPU
		{976A08FE-465E-48F0-B9FC-35DC1A93931E}.Release|Any CPU.ActiveCfg = Release|Any CPU
		{976A08FE-465E-48F0-B9FC-35DC1A93931E}.Release|Any CPU.Build.0 = Release|Any CPU
		{976A08FE-465E-48F0-B9FC-35DC1A93931E}.Release|x64.ActiveCfg = Release|Any CPU
		{976A08FE-465E-48F0-B9FC-35DC1A93931E}.Release|x64.Build.0 = Release|Any CPU
		{976A08FE-465E-48F0-B9FC-35DC1A93931E}.Release|x86.ActiveCfg = Release|Any CPU
		{976A08FE-465E-48F0-B9FC-35DC1A93931E}.Release|x86.Build.0 = Release|Any CPU
	EndGlobalSection
	GlobalSection(SolutionProperties) = preSolution
		HideSolutionNode = FALSE
	EndGlobalSection
	GlobalSection(NestedProjects) = preSolution
		{ED05FF2A-8775-4552-B0FF-C9BCD6CB66D4} = {3E6CDD5D-9AEA-4A9C-9085-00D791DD34E4}
		{5F54DA01-35E8-460D-9E11-5BD8A595E0AA} = {50380220-FCC6-401E-B36A-5BD6CFE0D70E}
		{EDD91D74-7221-4859-8EFD-2DC2E3549B55} = {46B7D388-D640-40F4-AB18-5CE712DD5A36}
		{007F105D-E656-4744-82A3-9080099B10DC} = {1ADC317D-E69E-48A8-999D-CB00EB1EBD88}
		{6FD0F8C7-0547-4ED7-93A2-525B4A3411A9} = {F4C92067-B21E-4309-A426-C7CEC0BD6213}
		{0CDF551D-4B04-4860-BB8F-F3A77BC899ED} = {A291A1E6-780A-4EDD-A053-BD03218434FD}
		{8C6376C9-61E6-4836-831E-8B3E8FDAE65F} = {0CDF551D-4B04-4860-BB8F-F3A77BC899ED}
		{2E7E4313-B859-4A56-9B52-A4A170C255B9} = {A291A1E6-780A-4EDD-A053-BD03218434FD}
		{5929BCE7-665A-472C-8498-A368E6675645} = {2E7E4313-B859-4A56-9B52-A4A170C255B9}
		{DBEC65E8-0A7D-439A-FCF8-4890ABFE6943} = {368F9A05-3F75-8AF7-E0FF-182EFC616089}
		{2AABFC32-8DBB-49DF-8F8B-3AA7193C1D96} = {DBEC65E8-0A7D-439A-FCF8-4890ABFE6943}
		{0C90F1F2-605B-4A0B-B33D-9077FBD6DB5D} = {0C88DD14-F956-CE84-757C-A364CCF449FC}
		{6A5ECFE5-6392-767C-2AB7-2FDD41C27FB9} = {F4C92067-B21E-4309-A426-C7CEC0BD6213}
		{B9CBB44F-1D0F-45FF-AA7F-2026A5F1EF00} = {6A5ECFE5-6392-767C-2AB7-2FDD41C27FB9}
		{72F47657-5E18-47AA-1942-8FF6A8B4D5BF} = {F4C92067-B21E-4309-A426-C7CEC0BD6213}
		{AB3949B5-9912-1A16-5B9C-30711269C5AF} = {2E7E4313-B859-4A56-9B52-A4A170C255B9}
		{5222FF88-DEA4-4C32-9247-5D03F8AB2EF3} = {AB3949B5-9912-1A16-5B9C-30711269C5AF}
		{5502AEE9-8E5D-170A-A2F1-E7C451499390} = {2E7E4313-B859-4A56-9B52-A4A170C255B9}
		{7636BA41-8CA8-8204-9415-9E5A4BD61D23} = {0CDF551D-4B04-4860-BB8F-F3A77BC899ED}
		{C3B562BD-A814-47FA-99AA-B0E944CD680F} = {7636BA41-8CA8-8204-9415-9E5A4BD61D23}
		{E8B8AF79-5498-034D-2440-2189AC6E1D3F} = {0CDF551D-4B04-4860-BB8F-F3A77BC899ED}
		{A8989148-5755-C8FC-51A5-54619D40272F} = {46B7D388-D640-40F4-AB18-5CE712DD5A36}
		{E709E49F-BD9D-40AA-9430-A60E34700418} = {A8989148-5755-C8FC-51A5-54619D40272F}
		{CE17019A-73BB-C6F5-8CF3-23194D9D5CE6} = {46B7D388-D640-40F4-AB18-5CE712DD5A36}
		{EBB31A16-8F8D-0BA2-DA09-A6E381C310CD} = {3E6CDD5D-9AEA-4A9C-9085-00D791DD34E4}
		{9F67AC81-0B83-4332-9BBC-42F028D35933} = {EBB31A16-8F8D-0BA2-DA09-A6E381C310CD}
		{8AF21561-5B3A-A769-1118-1E7564947E0D} = {3E6CDD5D-9AEA-4A9C-9085-00D791DD34E4}
		{562A6CA4-9152-1D65-D040-33ABF2CDEE14} = {1ADC317D-E69E-48A8-999D-CB00EB1EBD88}
		{5974E742-CF75-4198-B691-A0DC74152AA4} = {562A6CA4-9152-1D65-D040-33ABF2CDEE14}
		{D6D87B3A-6BCB-91C7-17DB-B4E510CCC717} = {1ADC317D-E69E-48A8-999D-CB00EB1EBD88}
		{ADAD7025-402D-1B45-DEB4-01E8F90A0A72} = {368F9A05-3F75-8AF7-E0FF-182EFC616089}
		{0D2A530D-77E2-42BF-B22D-AC105E6D64E1} = {ADAD7025-402D-1B45-DEB4-01E8F90A0A72}
		{905F4507-4838-51A3-4A0E-AF5412B57E8A} = {50380220-FCC6-401E-B36A-5BD6CFE0D70E}
		{976A08FE-465E-48F0-B9FC-35DC1A93931E} = {905F4507-4838-51A3-4A0E-AF5412B57E8A}
		{EF0DFED4-E210-2F49-7CC0-CA1D32241B8F} = {50380220-FCC6-401E-B36A-5BD6CFE0D70E}
	EndGlobalSection
	GlobalSection(ExtensibilityGlobals) = postSolution
		SolutionGuid = {8F1F389C-1BE5-42C3-A4F3-BFE3CB4F0EF4}
	EndGlobalSection
EndGlobal
